<?xml version="1.0" encoding="utf-8"?>
<Project ToolsVersion="4.0" xmlns="http://schemas.microsoft.com/developer/msbuild/2003">
  <ItemGroup>
    <Filter Include="Source Files">
      <UniqueIdentifier>{4FC737F1-C7A5-4376-A066-2A32D752A2FF}</UniqueIdentifier>
      <Extensions>cpp;c;cc;cxx;def;odl;idl;hpj;bat;asm;asmx</Extensions>
    </Filter>
    <Filter Include="Header Files">
      <UniqueIdentifier>{93995380-89BD-4b04-88EB-625FBE52EBFB}</UniqueIdentifier>
      <Extensions>h;hh;hpp;hxx;hm;inl;inc;xsd</Extensions>
    </Filter>
    <Filter Include="Resource Files">
      <UniqueIdentifier>{67DA6AB6-F800-4c08-8B7A-83BB121AAD01}</UniqueIdentifier>
      <Extensions>rc;ico;cur;bmp;dlg;rc2;rct;bin;rgs;gif;jpg;jpeg;jpe;resx;tiff;tif;png;wav</Extensions>
    </Filter>
  </ItemGroup>
  <ItemGroup>
    <ClCompile Include="main.cpp">
      <Filter>Source Files</Filter>
    </ClCompile>
    <ClCompile Include="marble\abstraction\Camera.cpp">
      <Filter>Source Files</Filter>
    </ClCompile>
    <ClCompile Include="marble\abstraction\ComputeShader.cpp">
      <Filter>Source Files</Filter>
    </ClCompile>
    <ClCompile Include="marble\abstraction\Cubemap.cpp">
      <Filter>Source Files</Filter>
    </ClCompile>
    <ClCompile Include="marble\abstraction\FrameBufferObject.cpp">
      <Filter>Source Files</Filter>
    </ClCompile>
    <ClCompile Include="marble\abstraction\IndexBufferObject.cpp">
      <Filter>Source Files</Filter>
    </ClCompile>
    <ClCompile Include="marble\abstraction\Inputs.cpp">
      <Filter>Source Files</Filter>
    </ClCompile>
    <ClCompile Include="marble\abstraction\Mesh.cpp">
      <Filter>Source Files</Filter>
    </ClCompile>
    <ClCompile Include="marble\abstraction\Shader.cpp">
      <Filter>Source Files</Filter>
    </ClCompile>
    <ClCompile Include="marble\abstraction\stb_image_impl.cpp">
      <Filter>Source Files</Filter>
    </ClCompile>
    <ClCompile Include="marble\abstraction\Texture.cpp">
      <Filter>Source Files</Filter>
    </ClCompile>
    <ClCompile Include="marble\abstraction\TextureAtlas.cpp">
      <Filter>Source Files</Filter>
    </ClCompile>
    <ClCompile Include="marble\abstraction\UnifiedRenderer.cpp">
      <Filter>Source Files</Filter>
    </ClCompile>
    <ClCompile Include="marble\abstraction\VertexArray.cpp">
      <Filter>Source Files</Filter>
    </ClCompile>
    <ClCompile Include="marble\abstraction\VertexBufferObject.cpp">
      <Filter>Source Files</Filter>
    </ClCompile>
    <ClCompile Include="marble\abstraction\Window.cpp">
      <Filter>Source Files</Filter>
    </ClCompile>
    <ClCompile Include="marble\abstraction\animation\Joint.cpp">
      <Filter>Source Files</Filter>
    </ClCompile>
    <ClCompile Include="marble\sandbox\Scene.cpp">
      <Filter>Source Files</Filter>
    </ClCompile>
    <ClCompile Include="marble\utils\Debug.cpp">
      <Filter>Source Files</Filter>
    </ClCompile>
    <ClCompile Include="marble\vendor\glad.c">
      <Filter>Source Files</Filter>
    </ClCompile>
    <ClCompile Include="marble\vendor\imgui\imgui.cpp">
      <Filter>Source Files</Filter>
    </ClCompile>
    <ClCompile Include="marble\vendor\imgui\imgui_demo.cpp">
      <Filter>Source Files</Filter>
    </ClCompile>
    <ClCompile Include="marble\vendor\imgui\imgui_draw.cpp">
      <Filter>Source Files</Filter>
    </ClCompile>
    <ClCompile Include="marble\vendor\imgui\imgui_impl_glfw.cpp">
      <Filter>Source Files</Filter>
    </ClCompile>
    <ClCompile Include="marble\vendor\imgui\imgui_impl_opengl3.cpp">
      <Filter>Source Files</Filter>
    </ClCompile>
    <ClCompile Include="marble\vendor\imgui\imgui_tables.cpp">
      <Filter>Source Files</Filter>
    </ClCompile>
    <ClCompile Include="marble\vendor\imgui\imgui_widgets.cpp">
      <Filter>Source Files</Filter>
    </ClCompile>
    <ClCompile Include="marble\world\Grass.cpp">
      <Filter>Source Files</Filter>
    </ClCompile>
    <ClCompile Include="marble\world\Player.cpp">
      <Filter>Source Files</Filter>
    </ClCompile>
    <ClCompile Include="marble\world\Sky.cpp">
      <Filter>Source Files</Filter>
    </ClCompile>
    <ClCompile Include="marble\world\SunCameraHelper.cpp">
      <Filter>Source Files</Filter>
    </ClCompile>
    <ClCompile Include="marble\world\props\PropsManager.cpp">
      <Filter>Source Files</Filter>
    </ClCompile>
    <ClCompile Include="marble\world\terraingeneration\HeightMap.cpp">
      <Filter>Source Files</Filter>
    </ClCompile>
    <ClCompile Include="marble\world\terraingeneration\Noise.cpp">
      <Filter>Source Files</Filter>
    </ClCompile>
    <ClCompile Include="marble\world\terraingeneration\Terrain.cpp">
      <Filter>Source Files</Filter>
    </ClCompile>
    <ClCompile Include="marble\world\water\Water.cpp">
      <Filter>Source Files</Filter>
    </ClCompile>
    <ClCompile Include="marble\world\water\WaterRenderer.cpp">
      <Filter>Source Files</Filter>
    </ClCompile>
  </ItemGroup>
  <ItemGroup>
    <ClInclude Include="marble\abstraction\Camera.h">
      <Filter>Header Files</Filter>
    </ClInclude>
    <ClInclude Include="marble\abstraction\ComputeShader.h">
      <Filter>Header Files</Filter>
    </ClInclude>
    <ClInclude Include="marble\abstraction\Cubemap.h">
      <Filter>Header Files</Filter>
    </ClInclude>
    <ClInclude Include="marble\abstraction\DeferredRenderer.h">
      <Filter>Header Files</Filter>
    </ClInclude>
    <ClInclude Include="marble\abstraction\FrameBufferObject.h">
      <Filter>Header Files</Filter>
    </ClInclude>
    <ClInclude Include="marble\abstraction\IndexBufferObject.h">
      <Filter>Header Files</Filter>
    </ClInclude>
    <ClInclude Include="marble\abstraction\Inputs.h">
      <Filter>Header Files</Filter>
    </ClInclude>
    <ClInclude Include="marble\abstraction\Mesh.h">
      <Filter>Header Files</Filter>
    </ClInclude>
    <ClInclude Include="marble\abstraction\Shader.h">
      <Filter>Header Files</Filter>
    </ClInclude>
    <ClInclude Include="marble\abstraction\SpecializedRender.h">
      <Filter>Header Files</Filter>
    </ClInclude>
    <ClInclude Include="marble\abstraction\Texture.h">
      <Filter>Header Files</Filter>
    </ClInclude>
    <ClInclude Include="marble\abstraction\TextureAtlas.h">
      <Filter>Header Files</Filter>
    </ClInclude>
    <ClInclude Include="marble\abstraction\UnifiedRenderer.h">
      <Filter>Header Files</Filter>
    </ClInclude>
    <ClInclude Include="marble\abstraction\VertexArray.h">
      <Filter>Header Files</Filter>
    </ClInclude>
    <ClInclude Include="marble\abstraction\VertexBufferObject.h">
      <Filter>Header Files</Filter>
    </ClInclude>
    <ClInclude Include="marble\abstraction\Window.h">
      <Filter>Header Files</Filter>
    </ClInclude>
    <ClInclude Include="marble\abstraction\animation\AnimatedModel.h">
      <Filter>Header Files</Filter>
    </ClInclude>
    <ClInclude Include="marble\abstraction\animation\Animation.h">
      <Filter>Header Files</Filter>
    </ClInclude>
    <ClInclude Include="marble\abstraction\animation\Animator.h">
      <Filter>Header Files</Filter>
    </ClInclude>
    <ClInclude Include="marble\abstraction\animation\Joint.h">
      <Filter>Header Files</Filter>
    </ClInclude>
    <ClInclude Include="marble\abstraction\animation\JointTransform.h">
      <Filter>Header Files</Filter>
    </ClInclude>
    <ClInclude Include="marble\abstraction\animation\KeyFrame.h">
      <Filter>Header Files</Filter>
    </ClInclude>
    <ClInclude Include="marble\abstraction\pipeline\Bloom.h">
      <Filter>Header Files</Filter>
    </ClInclude>
    <ClInclude Include="marble\abstraction\pipeline\Contrast.h">
      <Filter>Header Files</Filter>
    </ClInclude>
    <ClInclude Include="marble\abstraction\pipeline\Flares.h">
      <Filter>Header Files</Filter>
    </ClInclude>
    <ClInclude Include="marble\abstraction\pipeline\GammaCorrection.h">
      <Filter>Header Files</Filter>
    </ClInclude>
    <ClInclude Include="marble\abstraction\pipeline\LensMask.h">
      <Filter>Header Files</Filter>
    </ClInclude>
    <ClInclude Include="marble\abstraction\pipeline\Saturation.h">
      <Filter>Header Files</Filter>
    </ClInclude>
    <ClInclude Include="marble\abstraction\pipeline\Sharpness.h">
      <Filter>Header Files</Filter>
    </ClInclude>
    <ClInclude Include="marble\abstraction\pipeline\SSAO.h">
      <Filter>Header Files</Filter>
    </ClInclude>
    <ClInclude Include="marble\abstraction\pipeline\VFX.h">
      <Filter>Header Files</Filter>
    </ClInclude>
    <ClInclude Include="marble\abstraction\pipeline\VFXPipeline.h">
      <Filter>Header Files</Filter>
    </ClInclude>
    <ClInclude Include="marble\abstraction\pipeline\bloom\BloomFBO.h">
      <Filter>Header Files</Filter>
    </ClInclude>
    <ClInclude Include="marble\abstraction\pipeline\bloom\BloomRenderer.h">
      <Filter>Header Files</Filter>
    </ClInclude>
    <ClInclude Include="marble\sandbox\Scene.h">
      <Filter>Header Files</Filter>
    </ClInclude>
    <ClInclude Include="marble\sandbox\Tests.h">
      <Filter>Header Files</Filter>
    </ClInclude>
    <ClInclude Include="marble\sandbox\scenes\DeferredScene.h">
      <Filter>Header Files</Filter>
    </ClInclude>
    <ClInclude Include="marble\sandbox\scenes\POC1.h">
      <Filter>Header Files</Filter>
    </ClInclude>
    <ClInclude Include="marble\sandbox\scenes\POC2.h">
      <Filter>Header Files</Filter>
    </ClInclude>
    <ClInclude Include="marble\sandbox\scenes\POC3.h">
      <Filter>Header Files</Filter>
    </ClInclude>
    <ClInclude Include="marble\sandbox\scenes\POC4.h">
      <Filter>Header Files</Filter>
    </ClInclude>
    <ClInclude Include="marble\sandbox\scenes\TestBloom.h">
      <Filter>Header Files</Filter>
    </ClInclude>
    <ClInclude Include="marble\sandbox\scenes\TestCameras.h">
      <Filter>Header Files</Filter>
    </ClInclude>
    <ClInclude Include="marble\sandbox\scenes\TestComputeShader.h">
      <Filter>Header Files</Filter>
    </ClInclude>
    <ClInclude Include="marble\sandbox\scenes\TestFB.h">
      <Filter>Header Files</Filter>
    </ClInclude>
    <ClInclude Include="marble\sandbox\scenes\TestInstanced.h">
      <Filter>Header Files</Filter>
    </ClInclude>
    <ClInclude Include="marble\sandbox\scenes\TestShadows.h">
      <Filter>Header Files</Filter>
    </ClInclude>
    <ClInclude Include="marble\sandbox\scenes\TestSky.h">
      <Filter>Header Files</Filter>
    </ClInclude>
    <ClInclude Include="marble\sandbox\scenes\TestTerrain.h">
      <Filter>Header Files</Filter>
    </ClInclude>
    <ClInclude Include="marble\sandbox\scenes\TestWater.h">
      <Filter>Header Files</Filter>
    </ClInclude>
    <ClInclude Include="marble\utils\AABB.h">
      <Filter>Header Files</Filter>
    </ClInclude>
    <ClInclude Include="marble\utils\BoundingSphere.h">
      <Filter>Header Files</Filter>
    </ClInclude>
    <ClInclude Include="marble\utils\Debug.h">
      <Filter>Header Files</Filter>
    </ClInclude>
    <ClInclude Include="marble\utils\Mathf.h">
      <Filter>Header Files</Filter>
    </ClInclude>
    <ClInclude Include="marble\utils\MathIterators.h">
      <Filter>Header Files</Filter>
    </ClInclude>
    <ClInclude Include="marble\utils\StringUtils.h">
      <Filter>Header Files</Filter>
    </ClInclude>
    <ClInclude Include="marble\utils\Transform.h">
      <Filter>Header Files</Filter>
    </ClInclude>
    <ClInclude Include="marble\vendor\imgui\imconfig.h">
      <Filter>Header Files</Filter>
    </ClInclude>
    <ClInclude Include="marble\vendor\imgui\imgui.h">
      <Filter>Header Files</Filter>
    </ClInclude>
    <ClInclude Include="marble\vendor\imgui\imgui_impl_glfw.h">
      <Filter>Header Files</Filter>
    </ClInclude>
    <ClInclude Include="marble\vendor\imgui\imgui_impl_opengl3.h">
      <Filter>Header Files</Filter>
    </ClInclude>
    <ClInclude Include="marble\vendor\imgui\imgui_impl_opengl3_loader.h">
      <Filter>Header Files</Filter>
    </ClInclude>
    <ClInclude Include="marble\vendor\imgui\imgui_internal.h">
      <Filter>Header Files</Filter>
    </ClInclude>
    <ClInclude Include="marble\vendor\imgui\imstb_rectpack.h">
      <Filter>Header Files</Filter>
    </ClInclude>
    <ClInclude Include="marble\vendor\imgui\imstb_textedit.h">
      <Filter>Header Files</Filter>
    </ClInclude>
    <ClInclude Include="marble\vendor\imgui\imstb_truetype.h">
      <Filter>Header Files</Filter>
    </ClInclude>
    <ClInclude Include="marble\world\Grass.h">
      <Filter>Header Files</Filter>
    </ClInclude>
    <ClInclude Include="marble\world\Player.h">
      <Filter>Header Files</Filter>
    </ClInclude>
    <ClInclude Include="marble\world\Sky.h">
      <Filter>Header Files</Filter>
    </ClInclude>
    <ClInclude Include="marble\world\SunCameraHelper.h">
      <Filter>Header Files</Filter>
    </ClInclude>
    <ClInclude Include="marble\world\light\Light.h">
      <Filter>Header Files</Filter>
    </ClInclude>
    <ClInclude Include="marble\world\light\LightManager.h">
      <Filter>Header Files</Filter>
    </ClInclude>
    <ClInclude Include="marble\world\props\PropsManager.h">
      <Filter>Header Files</Filter>
    </ClInclude>
    <ClInclude Include="marble\world\terraingeneration\HeightMap.h">
      <Filter>Header Files</Filter>
    </ClInclude>
    <ClInclude Include="marble\world\terraingeneration\Noise.h">
      <Filter>Header Files</Filter>
    </ClInclude>
    <ClInclude Include="marble\world\terraingeneration\Terrain.h">
      <Filter>Header Files</Filter>
    </ClInclude>
    <ClInclude Include="marble\world\terraingeneration\TerrainImpl.h">
      <Filter>Header Files</Filter>
    </ClInclude>
    <ClInclude Include="marble\world\terraingeneration\PerlinNoise.hpp">
      <Filter>Header Files</Filter>
    </ClInclude>
    <ClInclude Include="marble\world\water\Water.h">
      <Filter>Header Files</Filter>
    </ClInclude>
    <ClInclude Include="marble\world\water\WaterRenderer.h">
      <Filter>Header Files</Filter>
    </ClInclude>
    <ClInclude Include="libraries\include\glad\glad.h">
      <Filter>Header Files</Filter>
    </ClInclude>
    <ClInclude Include="libraries\include\glfw\glfw3.h">
      <Filter>Header Files</Filter>
    </ClInclude>
    <ClInclude Include="libraries\include\glfw\glfw3native.h">
      <Filter>Header Files</Filter>
    </ClInclude>
    <ClInclude Include="libraries\include\khr\khrplatform.h">
      <Filter>Header Files</Filter>
    </ClInclude>
    <ClInclude Include="libraries\include\stb\stb_image.h">
      <Filter>Header Files</Filter>
    </ClInclude>
    <ClInclude Include="libraries\include\stb\stb_image_write.h">
      <Filter>Header Files</Filter>
    </ClInclude>
    <ClInclude Include="marble\Sandbox\Scenes\RayTracingScene.h">
      <Filter>Header Files</Filter>
    </ClInclude>
    <ClInclude Include="marble\RayTracing\Renderer.h">
      <Filter>Header Files</Filter>
    </ClInclude>
    <ClInclude Include="marble\RayTracing\Random.h">
      <Filter>Header Files</Filter>
    </ClInclude>
    <ClInclude Include="marble\RayTracing\Shape.h">
      <Filter>Header Files</Filter>
    </ClInclude>
    <ClInclude Include="marble\RayTracing\Sphere.h">
      <Filter>Header Files</Filter>
    </ClInclude>
    <ClInclude Include="marble\RayTracing\Ray.h">
      <Filter>Header Files</Filter>
    </ClInclude>
    <ClInclude Include="marble\RayTracing\Plane.h">
      <Filter>Header Files</Filter>
    </ClInclude>
  </ItemGroup>
  <ItemGroup>
    <Library Include="Libraries\lib\glfw3.lib" />
  </ItemGroup>
</Project>